// !$*UTF8*$!
{
	archiveVersion = 1;
	classes = {
	};
	objectVersion = 77;
	objects = {

/* Begin PBXBuildFile section */
		94A654CB2D92CDEA00235E1C /* MacBTScannerApp.swift in Sources */ = {isa = PBXBuildFile; fileRef = 94A654C32D92CDEA00235E1C /* MacBTScannerApp.swift */; };
/* End PBXBuildFile section */

/* Begin PBXContainerItemProxy section */
		94A654842D90386500235E1C /* PBXContainerItemProxy */ = {
			isa = PBXContainerItemProxy;
			containerPortal = 94A6546A2D90386400235E1C /* Project object */;
			proxyType = 1;
			remoteGlobalIDString = 94A654712D90386400235E1C;
			remoteInfo = MacBTScanner;
		};
		94A6548E2D90386500235E1C /* PBXContainerItemProxy */ = {
			isa = PBXContainerItemProxy;
			containerPortal = 94A6546A2D90386400235E1C /* Project object */;
			proxyType = 1;
			remoteGlobalIDString = 94A654712D90386400235E1C;
			remoteInfo = MacBTScanner;
		};
/* End PBXContainerItemProxy section */

/* Begin PBXFileReference section */
		94A654722D90386400235E1C /* MacBTScanner.app */ = {isa = PBXFileReference; explicitFileType = wrapper.application; includeInIndex = 0; path = MacBTScanner.app; sourceTree = BUILT_PRODUCTS_DIR; };
		94A654832D90386500235E1C /* MacBTScannerTests.xctest */ = {isa = PBXFileReference; explicitFileType = wrapper.cfbundle; includeInIndex = 0; path = MacBTScannerTests.xctest; sourceTree = BUILT_PRODUCTS_DIR; };
		94A6548D2D90386500235E1C /* MacBTScannerUITests.xctest */ = {isa = PBXFileReference; explicitFileType = wrapper.cfbundle; includeInIndex = 0; path = MacBTScannerUITests.xctest; sourceTree = BUILT_PRODUCTS_DIR; };
		94A654C32D92CDEA00235E1C /* MacBTScannerApp.swift */ = {isa = PBXFileReference; lastKnownFileType = sourcecode.swift; path = MacBTScannerApp.swift; sourceTree = "<group>"; };
/* End PBXFileReference section */

/* Begin PBXFileSystemSynchronizedRootGroup section */
		94A654742D90386400235E1C /* MacBTScanner */ = {
			isa = PBXFileSystemSynchronizedRootGroup;
			path = MacBTScanner;
			sourceTree = "<group>";
		};
		94A654862D90386500235E1C /* MacBTScannerTests */ = {
			isa = PBXFileSystemSynchronizedRootGroup;
			path = MacBTScannerTests;
			sourceTree = "<group>";
		};
		94A654902D90386500235E1C /* MacBTScannerUITests */ = {
			isa = PBXFileSystemSynchronizedRootGroup;
			path = MacBTScannerUITests;
			sourceTree = "<group>";
		};
/* End PBXFileSystemSynchronizedRootGroup section */

/* Begin PBXFrameworksBuildPhase section */
		94A6546F2D90386400235E1C /* Frameworks */ = {
			isa = PBXFrameworksBuildPhase;
			buildActionMask = 2147483647;
			files = (
			);
			runOnlyForDeploymentPostprocessing = 0;
		};
		94A654802D90386500235E1C /* Frameworks */ = {
			isa = PBXFrameworksBuildPhase;
			buildActionMask = 2147483647;
			files = (
			);
			runOnlyForDeploymentPostprocessing = 0;
		};
		94A6548A2D90386500235E1C /* Frameworks */ = {
			isa = PBXFrameworksBuildPhase;
			buildActionMask = 2147483647;
			files = (
			);
			runOnlyForDeploymentPostprocessing = 0;
		};
/* End PBXFrameworksBuildPhase section */

/* Begin PBXGroup section */
		94A654692D90386400235E1C = {
			isa = PBXGroup;
			children = (
				94A654C32D92CDEA00235E1C /* MacBTScannerApp.swift */,
				94A654742D90386400235E1C /* MacBTScanner */,
				94A654862D90386500235E1C /* MacBTScannerTests */,
				94A654902D90386500235E1C /* MacBTScannerUITests */,
				94A654732D90386400235E1C /* Products */,
			);
			sourceTree = "<group>";
		};
		94A654732D90386400235E1C /* Products */ = {
			isa = PBXGroup;
			children = (
				94A654722D90386400235E1C /* MacBTScanner.app */,
				94A654832D90386500235E1C /* MacBTScannerTests.xctest */,
				94A6548D2D90386500235E1C /* MacBTScannerUITests.xctest */,
			);
			name = Products;
			sourceTree = "<group>";
		};
/* End PBXGroup section */

/* Begin PBXNativeTarget section */
		94A654712D90386400235E1C /* MacBTScanner */ = {
			isa = PBXNativeTarget;
			buildConfigurationList = 94A654972D90386500235E1C /* Build configuration list for PBXNativeTarget "MacBTScanner" */;
			buildPhases = (
				94A6546E2D90386400235E1C /* Sources */,
				94A6546F2D90386400235E1C /* Frameworks */,
				94A654702D90386400235E1C /* Resources */,
			);
			buildRules = (
			);
			dependencies = (
			);
			fileSystemSynchronizedGroups = (
				94A654742D90386400235E1C /* MacBTScanner */,
			);
			name = MacBTScanner;
			packageProductDependencies = (
			);
			productName = MacBTScanner;
			productReference = 94A654722D90386400235E1C /* MacBTScanner.app */;
			productType = "com.apple.product-type.application";
		};
		94A654822D90386500235E1C /* MacBTScannerTests */ = {
			isa = PBXNativeTarget;
			buildConfigurationList = 94A6549A2D90386500235E1C /* Build configuration list for PBXNativeTarget "MacBTScannerTests" */;
			buildPhases = (
				94A6547F2D90386500235E1C /* Sources */,
				94A654802D90386500235E1C /* Frameworks */,
				94A654812D90386500235E1C /* Resources */,
			);
			buildRules = (
			);
			dependencies = (
				94A654852D90386500235E1C /* PBXTargetDependency */,
			);
			fileSystemSynchronizedGroups = (
				94A654862D90386500235E1C /* MacBTScannerTests */,
			);
			name = MacBTScannerTests;
			packageProductDependencies = (
			);
			productName = MacBTScannerTests;
			productReference = 94A654832D90386500235E1C /* MacBTScannerTests.xctest */;
			productType = "com.apple.product-type.bundle.unit-test";
		};
		94A6548C2D90386500235E1C /* MacBTScannerUITests */ = {
			isa = PBXNativeTarget;
			buildConfigurationList = 94A6549D2D90386500235E1C /* Build configuration list for PBXNativeTarget "MacBTScannerUITests" */;
			buildPhases = (
				94A654892D90386500235E1C /* Sources */,
				94A6548A2D90386500235E1C /* Frameworks */,
				94A6548B2D90386500235E1C /* Resources */,
			);
			buildRules = (
			);
			dependencies = (
				94A6548F2D90386500235E1C /* PBXTargetDependency */,
			);
			fileSystemSynchronizedGroups = (
				94A654902D90386500235E1C /* MacBTScannerUITests */,
			);
			name = MacBTScannerUITests;
			packageProductDependencies = (
			);
			productName = MacBTScannerUITests;
			productReference = 94A6548D2D90386500235E1C /* MacBTScannerUITests.xctest */;
			productType = "com.apple.product-type.bundle.ui-testing";
		};
/* End PBXNativeTarget section */

/* Begin PBXProject section */
		94A6546A2D90386400235E1C /* Project object */ = {
			isa = PBXProject;
			attributes = {
				BuildIndependentTargetsInParallel = 1;
				LastSwiftUpdateCheck = 1620;
				LastUpgradeCheck = 1620;
				TargetAttributes = {
					94A654712D90386400235E1C = {
						CreatedOnToolsVersion = 16.2;
					};
					94A654822D90386500235E1C = {
						CreatedOnToolsVersion = 16.2;
						TestTargetID = 94A654712D90386400235E1C;
					};
					94A6548C2D90386500235E1C = {
						CreatedOnToolsVersion = 16.2;
						TestTargetID = 94A654712D90386400235E1C;
					};
				};
			};
			buildConfigurationList = 94A6546D2D90386400235E1C /* Build configuration list for PBXProject "MacBTScanner" */;
			developmentRegion = en;
			hasScannedForEncodings = 0;
			knownRegions = (
				en,
				Base,
			);
			mainGroup = 94A654692D90386400235E1C;
			minimizedProjectReferenceProxies = 1;
			preferredProjectObjectVersion = 77;
			productRefGroup = 94A654732D90386400235E1C /* Products */;
			projectDirPath = "";
			projectRoot = "";
			targets = (
				94A654712D90386400235E1C /* MacBTScanner */,
				94A654822D90386500235E1C /* MacBTScannerTests */,
				94A6548C2D90386500235E1C /* MacBTScannerUITests */,
			);
		};
/* End PBXProject section */

/* Begin PBXResourcesBuildPhase section */
		94A654702D90386400235E1C /* Resources */ = {
			isa = PBXResourcesBuildPhase;
			buildActionMask = 2147483647;
			files = (
			);
			runOnlyForDeploymentPostprocessing = 0;
		};
		94A654812D90386500235E1C /* Resources */ = {
			isa = PBXResourcesBuildPhase;
			buildActionMask = 2147483647;
			files = (
			);
			runOnlyForDeploymentPostprocessing = 0;
		};
		94A6548B2D90386500235E1C /* Resources */ = {
			isa = PBXResourcesBuildPhase;
			buildActionMask = 2147483647;
			files = (
			);
			runOnlyForDeploymentPostprocessing = 0;
		};
/* End PBXResourcesBuildPhase section */

/* Begin PBXSourcesBuildPhase section */
		94A6546E2D90386400235E1C /* Sources */ = {
			isa = PBXSourcesBuildPhase;
			buildActionMask = 2147483647;
			files = (
				94A654CB2D92CDEA00235E1C /* MacBTScannerApp.swift in Sources */,
			);
			runOnlyForDeploymentPostprocessing = 0;
		};
		94A6547F2D90386500235E1C /* Sources */ = {
			isa = PBXSourcesBuildPhase;
			buildActionMask = 2147483647;
			files = (
			);
			runOnlyForDeploymentPostprocessing = 0;
		};
		94A654892D90386500235E1C /* Sources */ = {
			isa = PBXSourcesBuildPhase;
			buildActionMask = 2147483647;
			files = (
			);
			runOnlyForDeploymentPostprocessing = 0;
		};
/* End PBXSourcesBuildPhase section */

/* Begin PBXTargetDependency section */
		94A654852D90386500235E1C /* PBXTargetDependency */ = {
			isa = PBXTargetDependency;
			target = 94A654712D90386400235E1C /* MacBTScanner */;
			targetProxy = 94A654842D90386500235E1C /* PBXContainerItemProxy */;
		};
		94A6548F2D90386500235E1C /* PBXTargetDependency */ = {
			isa = PBXTargetDependency;
			target = 94A654712D90386400235E1C /* MacBTScanner */;
			targetProxy = 94A6548E2D90386500235E1C /* PBXContainerItemProxy */;
		};
/* End PBXTargetDependency section */

/* Begin XCBuildConfiguration section */
		94A654952D90386500235E1C /* Debug */ = {
			isa = XCBuildConfiguration;
			buildSettings = {
				ALWAYS_SEARCH_USER_PATHS = NO;
				ASSETCATALOG_COMPILER_GENERATE_SWIFT_ASSET_SYMBOL_EXTENSIONS = YES;
				CLANG_ANALYZER_NONNULL = YES;
				CLANG_ANALYZER_NUMBER_OBJECT_CONVERSION = YES_AGGRESSIVE;
				CLANG_CXX_LANGUAGE_STANDARD = "gnu++20";
				CLANG_ENABLE_MODULES = YES;
				CLANG_ENABLE_OBJC_ARC = YES;
				CLANG_ENABLE_OBJC_WEAK = YES;
				CLANG_WARN_BLOCK_CAPTURE_AUTORELEASING = YES;
				CLANG_WARN_BOOL_CONVERSION = YES;
				CLANG_WARN_COMMA = YES;
				CLANG_WARN_CONSTANT_CONVERSION = YES;
				CLANG_WARN_DEPRECATED_OBJC_IMPLEMENTATIONS = YES;
				CLANG_WARN_DIRECT_OBJC_ISA_USAGE = YES_ERROR;
				CLANG_WARN_DOCUMENTATION_COMMENTS = YES;
				CLANG_WARN_EMPTY_BODY = YES;
				CLANG_WARN_ENUM_CONVERSION = YES;
				CLANG_WARN_INFINITE_RECURSION = YES;
				CLANG_WARN_INT_CONVERSION = YES;
				CLANG_WARN_NON_LITERAL_NULL_CONVERSION = YES;
				CLANG_WARN_OBJC_IMPLICIT_RETAIN_SELF = YES;
				CLANG_WARN_OBJC_LITERAL_CONVERSION = YES;
				CLANG_WARN_OBJC_ROOT_CLASS = YES_ERROR;
				CLANG_WARN_QUOTED_INCLUDE_IN_FRAMEWORK_HEADER = YES;
				CLANG_WARN_RANGE_LOOP_ANALYSIS = YES;
				CLANG_WARN_STRICT_PROTOTYPES = YES;
				CLANG_WARN_SUSPICIOUS_MOVE = YES;
				CLANG_WARN_UNGUARDED_AVAILABILITY = YES_AGGRESSIVE;
				CLANG_WARN_UNREACHABLE_CODE = YES;
				CLANG_WARN__DUPLICATE_METHOD_MATCH = YES;
				COPY_PHASE_STRIP = NO;
				DEBUG_INFORMATION_FORMAT = dwarf;
				ENABLE_STRICT_OBJC_MSGSEND = YES;
				ENABLE_TESTABILITY = YES;
				ENABLE_USER_SCRIPT_SANDBOXING = YES;
				GCC_C_LANGUAGE_STANDARD = gnu17;
				GCC_DYNAMIC_NO_PIC = NO;
				GCC_NO_COMMON_BLOCKS = YES;
				GCC_OPTIMIZATION_LEVEL = 0;
				GCC_PREPROCESSOR_DEFINITIONS = (
					"DEBUG=1",
					"$(inherited)",
				);
				GCC_WARN_64_TO_32_BIT_CONVERSION = YES;
				GCC_WARN_ABOUT_RETURN_TYPE = YES_ERROR;
				GCC_WARN_UNDECLARED_SELECTOR = YES;
				GCC_WARN_UNINITIALIZED_AUTOS = YES_AGGRESSIVE;
				GCC_WARN_UNUSED_FUNCTION = YES;
				GCC_WARN_UNUSED_VARIABLE = YES;
				LOCALIZATION_PREFERS_STRING_CATALOGS = YES;
				MACOSX_DEPLOYMENT_TARGET = 15.2;
				MTL_ENABLE_DEBUG_INFO = INCLUDE_SOURCE;
				MTL_FAST_MATH = YES;
				ONLY_ACTIVE_ARCH = YES;
				SDKROOT = macosx;
				SWIFT_ACTIVE_COMPILATION_CONDITIONS = "DEBUG $(inherited)";
				SWIFT_OPTIMIZATION_LEVEL = "-Onone";
			};
			name = Debug;
		};
		94A654962D90386500235E1C /* Release */ = {
			isa = XCBuildConfiguration;
			buildSettings = {
				ALWAYS_SEARCH_USER_PATHS = NO;
				ASSETCATALOG_COMPILER_GENERATE_SWIFT_ASSET_SYMBOL_EXTENSIONS = YES;
				CLANG_ANALYZER_NONNULL = YES;
				CLANG_ANALYZER_NUMBER_OBJECT_CONVERSION = YES_AGGRESSIVE;
				CLANG_CXX_LANGUAGE_STANDARD = "gnu++20";
				CLANG_ENABLE_MODULES = YES;
				CLANG_ENABLE_OBJC_ARC = YES;
				CLANG_ENABLE_OBJC_WEAK = YES;
				CLANG_WARN_BLOCK_CAPTURE_AUTORELEASING = YES;
				CLANG_WARN_BOOL_CONVERSION = YES;
				CLANG_WARN_COMMA = YES;
				CLANG_WARN_CONSTANT_CONVERSION = YES;
				CLANG_WARN_DEPRECATED_OBJC_IMPLEMENTATIONS = YES;
				CLANG_WARN_DIRECT_OBJC_ISA_USAGE = YES_ERROR;
				CLANG_WARN_DOCUMENTATION_COMMENTS = YES;
				CLANG_WARN_EMPTY_BODY = YES;
				CLANG_WARN_ENUM_CONVERSION = YES;
				CLANG_WARN_INFINITE_RECURSION = YES;
				CLANG_WARN_INT_CONVERSION = YES;
				CLANG_WARN_NON_LITERAL_NULL_CONVERSION = YES;
				CLANG_WARN_OBJC_IMPLICIT_RETAIN_SELF = YES;
				CLANG_WARN_OBJC_LITERAL_CONVERSION = YES;
				CLANG_WARN_OBJC_ROOT_CLASS = YES_ERROR;
				CLANG_WARN_QUOTED_INCLUDE_IN_FRAMEWORK_HEADER = YES;
				CLANG_WARN_RANGE_LOOP_ANALYSIS = YES;
				CLANG_WARN_STRICT_PROTOTYPES = YES;
				CLANG_WARN_SUSPICIOUS_MOVE = YES;
				CLANG_WARN_UNGUARDED_AVAILABILITY = YES_AGGRESSIVE;
				CLANG_WARN_UNREACHABLE_CODE = YES;
				CLANG_WARN__DUPLICATE_METHOD_MATCH = YES;
				COPY_PHASE_STRIP = NO;
				DEBUG_INFORMATION_FORMAT = "dwarf-with-dsym";
				ENABLE_NS_ASSERTIONS = NO;
				ENABLE_STRICT_OBJC_MSGSEND = YES;
				ENABLE_USER_SCRIPT_SANDBOXING = YES;
				GCC_C_LANGUAGE_STANDARD = gnu17;
				GCC_NO_COMMON_BLOCKS = YES;
				GCC_WARN_64_TO_32_BIT_CONVERSION = YES;
				GCC_WARN_ABOUT_RETURN_TYPE = YES_ERROR;
				GCC_WARN_UNDECLARED_SELECTOR = YES;
				GCC_WARN_UNINITIALIZED_AUTOS = YES_AGGRESSIVE;
				GCC_WARN_UNUSED_FUNCTION = YES;
				GCC_WARN_UNUSED_VARIABLE = YES;
				LOCALIZATION_PREFERS_STRING_CATALOGS = YES;
				MACOSX_DEPLOYMENT_TARGET = 15.2;
				MTL_ENABLE_DEBUG_INFO = NO;
				MTL_FAST_MATH = YES;
				SDKROOT = macosx;
				SWIFT_COMPILATION_MODE = wholemodule;
			};
			name = Release;
		};
		94A654982D90386500235E1C /* Debug */ = {
			isa = XCBuildConfiguration;
			buildSettings = {
				ASSETCATALOG_COMPILER_APPICON_NAME = AppIcon;
				ASSETCATALOG_COMPILER_GLOBAL_ACCENT_COLOR_NAME = AccentColor;
				CODE_SIGN_ENTITLEMENTS = MacBTScanner/MacBTScanner.entitlements;
				CODE_SIGN_STYLE = Automatic;
				COMBINE_HIDPI_IMAGES = YES;
				CURRENT_PROJECT_VERSION = 1;
				DEVELOPMENT_ASSET_PATHS = "\"MacBTScanner/Preview Content\"";
				DEVELOPMENT_TEAM = Y9CLKT56P2;
				ENABLE_HARDENED_RUNTIME = NO;
				ENABLE_PREVIEWS = YES;
				GENERATE_INFOPLIST_FILE = YES;
				INFOPLIST_KEY_NSBluetoothAlwaysUsageDescription = "This app needs to use Bluetooth to scan and connect to the device.";
				INFOPLIST_KEY_NSBluetoothPeripheralUsageDescription = "This app needs to use Bluetooth to scan and connect to the device.";
				INFOPLIST_KEY_NSHumanReadableCopyright = "";
				LD_RUNPATH_SEARCH_PATHS = (
					"$(inherited)",
					"@executable_path/../Frameworks",
				);
				MARKETING_VERSION = 1.0;
				PRODUCT_BUNDLE_IDENTIFIER = phyo.aung.hlwan.MacBTScanner;
				PRODUCT_NAME = "$(TARGET_NAME)";
				SWIFT_EMIT_LOC_STRINGS = YES;
				SWIFT_VERSION = 5.0;
			};
			name = Debug;
		};
		94A654992D90386500235E1C /* Release */ = {
			isa = XCBuildConfiguration;
			buildSettings = {
				ASSETCATALOG_COMPILER_APPICON_NAME = AppIcon;
				ASSETCATALOG_COMPILER_GLOBAL_ACCENT_COLOR_NAME = AccentColor;
				CODE_SIGN_ENTITLEMENTS = MacBTScanner/MacBTScanner.entitlements;
				CODE_SIGN_STYLE = Automatic;
				COMBINE_HIDPI_IMAGES = YES;
				CURRENT_PROJECT_VERSION = 1;
				DEVELOPMENT_ASSET_PATHS = "\"MacBTScanner/Preview Content\"";
				DEVELOPMENT_TEAM = Y9CLKT56P2;
				ENABLE_HARDENED_RUNTIME = NO;
				ENABLE_PREVIEWS = YES;
				GENERATE_INFOPLIST_FILE = YES;
				INFOPLIST_KEY_NSBluetoothAlwaysUsageDescription = "This app needs to use Bluetooth to scan and connect to the device.";
				INFOPLIST_KEY_NSBluetoothPeripheralUsageDescription = "This app needs to use Bluetooth to scan and connect to the device.";
				INFOPLIST_KEY_NSHumanReadableCopyright = "";
				LD_RUNPATH_SEARCH_PATHS = (
					"$(inherited)",
					"@executable_path/../Frameworks",
				);
				MARKETING_VERSION = 1.0;
				PRODUCT_BUNDLE_IDENTIFIER = phyo.aung.hlwan.MacBTScanner;
				PRODUCT_NAME = "$(TARGET_NAME)";
				SWIFT_EMIT_LOC_STRINGS = YES;
				SWIFT_VERSION = 5.0;
			};
			name = Release;
		};
		94A6549B2D90386500235E1C /* Debug */ = {
			isa = XCBuildConfiguration;
			buildSettings = {
				BUNDLE_LOADER = "$(TEST_HOST)";
				CODE_SIGN_STYLE = Automatic;
				CURRENT_PROJECT_VERSION = 1;
				DEVELOPMENT_TEAM = Y9CLKT56P2;
				GENERATE_INFOPLIST_FILE = YES;
				MACOSX_DEPLOYMENT_TARGET = 15.2;
				MARKETING_VERSION = 1.0;
				PRODUCT_BUNDLE_IDENTIFIER = phyo.aung.hlwan.MacBTScannerTests;
				PRODUCT_NAME = "$(TARGET_NAME)";
				SWIFT_EMIT_LOC_STRINGS = NO;
				SWIFT_VERSION = 5.0;
				TEST_HOST = "$(BUILT_PRODUCTS_DIR)/MacBTScanner.app/$(BUNDLE_EXECUTABLE_FOLDER_PATH)/MacBTScanner";
			};
			name = Debug;
		};
		94A6549C2D90386500235E1C /* Release */ = {
			isa = XCBuildConfiguration;
			buildSettings = {
				BUNDLE_LOADER = "$(TEST_HOST)";
				CODE_SIGN_STYLE = Automatic;
				CURRENT_PROJECT_VERSION = 1;
				DEVELOPMENT_TEAM = Y9CLKT56P2;
				GENERATE_INFOPLIST_FILE = YES;
				MACOSX_DEPLOYMENT_TARGET = 15.2;
				MARKETING_VERSION = 1.0;
				PRODUCT_BUNDLE_IDENTIFIER = phyo.aung.hlwan.MacBTScannerTests;
				PRODUCT_NAME = "$(TARGET_NAME)";
				SWIFT_EMIT_LOC_STRINGS = NO;
				SWIFT_VERSION = 5.0;
				TEST_HOST = "$(BUILT_PRODUCTS_DIR)/MacBTScanner.app/$(BUNDLE_EXECUTABLE_FOLDER_PATH)/MacBTScanner";
			};
			name = Release;
		};
		94A6549E2D90386500235E1C /* Debug */ = {
			isa = XCBuildConfiguration;
			buildSettings = {
				CODE_SIGN_STYLE = Automatic;
				CURRENT_PROJECT_VERSION = 1;
				DEVELOPMENT_TEAM = Y9CLKT56P2;
				GENERATE_INFOPLIST_FILE = YES;
				MARKETING_VERSION = 1.0;
				PRODUCT_BUNDLE_IDENTIFIER = phyo.aung.hlwan.MacBTScannerUITests;
				PRODUCT_NAME = "$(TARGET_NAME)";
				SWIFT_EMIT_LOC_STRINGS = NO;
				SWIFT_VERSION = 5.0;
				TEST_TARGET_NAME = MacBTScanner;
			};
			name = Debug;
		};
		94A6549F2D90386500235E1C /* Release */ = {
			isa = XCBuildConfiguration;
			buildSettings = {
				CODE_SIGN_STYLE = Automatic;
				CURRENT_PROJECT_VERSION = 1;
				DEVELOPMENT_TEAM = Y9CLKT56P2;
				GENERATE_INFOPLIST_FILE = YES;
				MARKETING_VERSION = 1.0;
				PRODUCT_BUNDLE_IDENTIFIER = phyo.aung.hlwan.MacBTScannerUITests;
				PRODUCT_NAME = "$(TARGET_NAME)";
				SWIFT_EMIT_LOC_STRINGS = NO;
				SWIFT_VERSION = 5.0;
				TEST_TARGET_NAME = MacBTScanner;
			};
			name = Release;
		};
/* End XCBuildConfiguration section */

/* Begin XCConfigurationList section */
		94A6546D2D90386400235E1C /* Build configuration list for PBXProject "MacBTScanner" */ = {
			isa = XCConfigurationList;
			buildConfigurations = (
				94A654952D90386500235E1C /* Debug */,
				94A654962D90386500235E1C /* Release */,
			);
			defaultConfigurationIsVisible = 0;
			defaultConfigurationName = Release;
		};
		94A654972D90386500235E1C /* Build configuration list for PBXNativeTarget "MacBTScanner" */ = {
			isa = XCConfigurationList;
			buildConfigurations = (
				94A654982D90386500235E1C /* Debug */,
				94A654992D90386500235E1C /* Release */,
			);
			defaultConfigurationIsVisible = 0;
			defaultConfigurationName = Release;
		};
		94A6549A2D90386500235E1C /* Build configuration list for PBXNativeTarget "MacBTScannerTests" */ = {
			isa = XCConfigurationList;
			buildConfigurations = (
				94A6549B2D90386500235E1C /* Debug */,
				94A6549C2D90386500235E1C /* Release */,
			);
			defaultConfigurationIsVisible = 0;
			defaultConfigurationName = Release;
		};
		94A6549D2D90386500235E1C /* Build configuration list for PBXNativeTarget "MacBTScannerUITests" */ = {
			isa = XCConfigurationList;
			buildConfigurations = (
				94A6549E2D90386500235E1C /* Debug */,
				94A6549F2D90386500235E1C /* Release */,
			);
			defaultConfigurationIsVisible = 0;
			defaultConfigurationName = Release;
		};
/* End XCConfigurationList section */
	};
	rootObject = 94A6546A2D90386400235E1C /* Project object */;
}
